
Microsoft Visual Studio Solution File, Format Version 12.00
# Visual Studio Version 16
VisualStudioVersion = 16.0.30523.141
MinimumVisualStudioVersion = 10.0.40219.1
Project("{FAE04EC0-301F-11D3-BF4B-00C04F79EFBC}") = "Registration", "Registration\Registration.csproj", "{6990DF34-D328-47BA-9FE6-6968AD1340D4}"
EndProject
Global
	GlobalSection(SolutionConfigurationPlatforms) = preSolution
		Debug|Any CPU = Debug|Any CPU
		Release|Any CPU = Release|Any CPU
	EndGlobalSection
	GlobalSection(ProjectConfigurationPlatforms) = postSolution
		{6990DF34-D328-47BA-9FE6-6968AD1340D4}.Debug|Any CPU.ActiveCfg = Debug|Any CPU
		{6990DF34-D328-47BA-9FE6-6968AD1340D4}.Debug|Any CPU.Build.0 = Debug|Any CPU
		{6990DF34-D328-47BA-9FE6-6968AD1340D4}.Release|Any CPU.ActiveCfg = Release|Any CPU
		{6990DF34-D328-47BA-9FE6-6968AD1340D4}.Release|Any CPU.Build.0 = Release|Any CPU
	EndGlobalSection
	GlobalSection(SolutionProperties) = preSolution
		HideSolutionNode = FALSE
	EndGlobalSection
	GlobalSection(ExtensibilityGlobals) = postSolution
		SolutionGuid = {FA039F95-EB83-4C35-A0F2-239FC1B48CE1}
	EndGlobalSection
EndGlobal
